{
  "_meta": {
    "lock_id": "midweather_fingerprint_lc322_real_clean_001",
    "result_id": "midweather_fingerprint_lc322_real_clean_001",
    "experiment": "Midweather-Fingerprint-Gate",
    "decision": "FAIL",
    "decision_reason_code": "degenerate_all_reject_in_B4_raw_full_tensor",
    "locked_at": "2026-06-05T08:18:52.723675+00:00",
    "protocol_freeze_id": "midweather_fingerprint_lc322_real_clean_001",
    "protocol_freeze_commit": "f6682a9308f469fc287d4e30996d02a419cbbdc5",
    "stub_freeze_id": "midweather_fingerprint_lc322_clean_001",
    "stub_freeze_commit": "6ca6c28",
    "result_json_sha256": "75ab1d32c89f35eadc19e09f8881191644b632b691b12ba2faf0ccc77ceeb4b1",
    "result_json_exclude_fields": [
      "wallclock_seconds"
    ],
    "manifest_solver_sha_consistency": "ok",
    "manifest_solver_sha_mismatches": []
  },
  "artifacts": [
    {
      "path": "MIDWEATHER_FINGERPRINT_GATE_FREEZE.json",
      "sha256": "0eb9b548fa053d408dc5b1c9f08b91eb97c14daba4e6536440c61fe0ca13d737",
      "size_bytes": 9073,
      "role": "protocol_freeze",
      "notes": "LC322 stub freeze. All 7 freeze validators pass."
    },
    {
      "path": "MIDWEATHER_FINGERPRINT_GATE_LC45_FREEZE.json",
      "sha256": "fc77525ebf720a6bf6eac761596c1708b5c8923cbea2d91350c7aced40ee5bdb",
      "size_bytes": 8925,
      "role": "protocol_freeze",
      "notes": "LC45 freeze. 18 frozen files. K=15+15. 7 estimators (B0-B6, no C)."
    },
    {
      "path": "MIDWEATHER_FINGERPRINT_GATE_LC322_REAL_FREEZE.json",
      "sha256": "fa05b3ca62aee44f3e60378d0e6403d7d67d30a830336f38d603df1c25203947",
      "size_bytes": 13129,
      "role": "protocol_freeze",
      "notes": "LC322 real benchmark freeze (Week 5). 39 frozen files. Kernel module SHAs re-used from stub freeze. New: real_seval_manifest, pre_run_check_log, 30 hand-curated solver files."
    },
    {
      "path": "MIDWEATHER_FINGERPRINT_SEVAL_MANIFEST.schema.json",
      "sha256": "8dce4eee6007a19882a2e4fc2924f8f3ae658fe73f934937b4d68d2260a62e8d",
      "size_bytes": 5362,
      "role": "seval_manifest_schema",
      "notes": "JSON Schema draft-2020-12. Narrow structural validation. additionalProperties=true."
    },
    {
      "path": "data/midweather_fingerprint_lc322_probe_index.json",
      "sha256": "fc4065bee0f48a9f8b8133423f3f96e597ac79baaac20de0d5cbe06f8f221785",
      "size_bytes": 10824,
      "role": "probe_index",
      "notes": "30 probes / 6 axes, K=15+15 round-robin split."
    },
    {
      "path": "data/midweather_fingerprint_lc45_probe_index.json",
      "sha256": "f330e85551ff1d321a4a02adeca53c0e7728b8aeb7d2c6f7bf8b188d0d0a4635",
      "size_bytes": 13662,
      "role": "probe_index",
      "notes": "30 probes / 6 LC45 manifolds, K=15+15 round-robin split."
    },
    {
      "path": "data/midweather_fingerprint_lc322_seval_manifest.json",
      "sha256": "ae4389c4c0c8b1242763742719a0e6273561fcec4c74580b525d115174a214e3",
      "size_bytes": 14203,
      "role": "seval_manifest",
      "notes": "30 stub solvers, pack_source=reconstructed_stub."
    },
    {
      "path": "data/midweather_fingerprint_lc45_seval_manifest.json",
      "sha256": "529f73ff9e262b392f69b0bca670bccf31e39689550e809f92ebe8df1b8c08ba",
      "size_bytes": 7382,
      "role": "seval_manifest",
      "notes": "10 LC45 candidates, pack_source=external_baseline, certified_clean=true."
    },
    {
      "path": "data/midweather_fingerprint_lc322_real_claude_sonnet_4_seval_manifest.json",
      "sha256": "62544396704b677939a2e78c1351828a5f6f27c71cd1efd7f404fd077b3a7e2f",
      "size_bytes": 15534,
      "role": "seval_manifest",
      "notes": "30 hand-curated LC322 solvers, pack_source=hand_curated_real. certified_clean=true (generation-process declaration)."
    },
    {
      "path": "data/midweather_fingerprint_lc322.json",
      "sha256": "75ab1d32c89f35eadc19e09f8881191644b632b691b12ba2faf0ccc77ceeb4b1",
      "size_bytes": 8461,
      "role": "result_json",
      "notes": "Stub pack verdict FAIL, 11/19 split. Wallclock excluded.",
      "exclude_fields": [
        "wallclock_seconds"
      ]
    },
    {
      "path": "data/midweather_fingerprint_lc45.json",
      "sha256": "99189a82acdf2be4ac154deae71fcc8e501af2f691d3f94b2909418bf1e4ce35",
      "size_bytes": 6560,
      "role": "result_json",
      "notes": "LC45 verdict FAIL, 1/9 split, B4 all-REJECT. Wallclock excluded.",
      "exclude_fields": [
        "wallclock_seconds"
      ]
    },
    {
      "path": "data/midweather_fingerprint_lc322_real_claude_sonnet_4.json",
      "sha256": "1ef4b372f26682e20aa80a6b2c8bbaabdd5e16d2316d2538c3c1bffbdd704b0a",
      "size_bytes": 8519,
      "role": "result_json",
      "notes": "Real benchmark verdict FAIL, 16/14 split, B4 all-REJECT. Wallclock excluded.",
      "exclude_fields": [
        "wallclock_seconds"
      ]
    },
    {
      "path": "data/lc322_real_pre_run_check.json",
      "sha256": "a5a3f3881eb4688bc4111cc9ba9b88d1e0832bc975d22a47576149da7c0d53f4",
      "size_bytes": 29951,
      "role": "pre_run_check_log",
      "notes": "30/30 hand-curated solvers pass 4 pre-run sanity probes."
    },
    {
      "path": "runners/run_midweather_fingerprint_lc322.py",
      "sha256": "84c5946088039dde07e08f69ceadb8496fde72c8da9c167b5e6140f83543e775",
      "size_bytes": 19154,
      "role": "runner",
      "notes": "Config-driven runner. main() returns int (0/1/2/3). --problem-class flag."
    },
    {
      "path": "doctor/adversarial/midweather_fingerprint_features.py",
      "sha256": "53d275e2c135ffdf6d04f24eedd193cbb86c5fcd8f78d54bd05a02f89613c869",
      "size_bytes": 20673,
      "role": "kernel_features",
      "notes": "7 freeze validators, ACCEPT_REJECT_SPEC, decide_accept_reject, helpers."
    },
    {
      "path": "doctor/adversarial/problem_class_config.py",
      "sha256": "0dcb3a9c01aacfa6e9f2674504f1e04a2417375ffb0a8a97f08bab1a0be25513",
      "size_bytes": 12482,
      "role": "problem_class_config",
      "notes": "6 adapter slots. LC322 default + LC45 port."
    },
    {
      "path": "doctor/adversarial/cli.py",
      "sha256": "4ec3ecae73926180dedd2fdbef8466379f346fce11b60784cc667bd27aa2371a",
      "size_bytes": 10266,
      "role": "cli",
      "notes": "doctor-certify CLI: 4 subcommands, exit code policy, freeze_id check."
    },
    {
      "path": "tests/test_midweather_fingerprint.py",
      "sha256": "f56e1d7bd32c04553e195c8280b72fe52532e10fd682633b9c6c059bfa71dcb3",
      "size_bytes": 20229,
      "role": "protocol_tests",
      "notes": "40 protocol tests, all pass."
    },
    {
      "path": "tests/test_cli.py",
      "sha256": "363d19d19423445a7407007c50552ea25e23977549ef80742451c34092ecb7aa",
      "size_bytes": 5286,
      "role": "cli_tests",
      "notes": "11 CLI tests covering all 4 subcommands + edge cases."
    },
    {
      "path": "tests/test_lc45_bimaristan.py",
      "sha256": "b3b4c18619fc245785b89177c09faba122882ce2a4bfb9e8425ce44e91d2e0d1",
      "size_bytes": 18206,
      "role": "lc45_bimaristan_tests",
      "notes": "36 tests: registry structure, oracle evaluator, 9 buggy solvers >= 2 symbols, BFS survivor = 0 false positives, cross-problem vocabulary."
    },
    {
      "path": "tests/test_lc322_real_benchmark.py",
      "sha256": "a1465f879e433ecd5f626178fe777be05f4174e7625075dac044349095be771c",
      "size_bytes": 5963,
      "role": "real_benchmark_tests",
      "notes": "Week 5 real benchmark tests: manifest schema valid, 30 solver files present and SHA-match, pre-run check log present, freeze correct, result JSON has verdict, 7 estimator rows, 30 solver files, no partial: true."
    },
    {
      "path": "doctor/adversarial/lc45_oracle_evaluator.py",
      "sha256": "212426371801166a85d49e57aed353336aa41bf658609cfd6913c8a3efa945aa",
      "size_bytes": 10627,
      "role": "lc45_oracle_evaluator",
      "notes": "LC45OracleEvaluator: runs candidate on probe set, returns structured {output, correct, exception, trace_features} + aggregated summary."
    },
    {
      "path": "doctor/adversarial/lc45_symbol_registry.py",
      "sha256": "2171e85555afcc4ef32276c7e14ece1334362fd47593700ff6587853445e14b1",
      "size_bytes": 28494,
      "role": "lc45_symbol_registry",
      "notes": "LC45_SYMBOL_REGISTRY: 38 entries. Cross-problem transfer decisions documented in module docstring."
    },
    {
      "path": "findings/FINDINGS_MIDWEATHER_FINGERPRINT_LC322.md",
      "sha256": "0420250b5e2baba7e814d1d8ce2f95e3b9727cf7371c01cf3833f67bdc4eaefd",
      "size_bytes": 14574,
      "role": "findings",
      "notes": "Verdict FAIL + kernel-authoritative interpretation of paper :605."
    },
    {
      "path": "experiments/frozen_taxonomy_lc322/solvers/solver_001.py",
      "sha256": "bf01f653513b45a111626e69eaa16640677322f06155c8f5f091cf8cc3c8ddd9",
      "size_bytes": 1204,
      "role": "stub_solver",
      "notes": "Part of reconstructed_stub pack. SHA256 in seval_manifest matches."
    },
    {
      "path": "experiments/frozen_taxonomy_lc322/solvers/solver_002.py",
      "sha256": "abc86f0046401874fdb5c2cbcef5440c9e26d117c53f073ebc520f496cfb1036",
      "size_bytes": 1034,
      "role": "stub_solver",
      "notes": "Part of reconstructed_stub pack. SHA256 in seval_manifest matches."
    },
    {
      "path": "experiments/frozen_taxonomy_lc322/solvers/solver_003.py",
      "sha256": "b59820c5674059d73aa4489e1674b37ca52691902f8328332494659bd1958487",
      "size_bytes": 954,
      "role": "stub_solver",
      "notes": "Part of reconstructed_stub pack. SHA256 in seval_manifest matches."
    },
    {
      "path": "experiments/frozen_taxonomy_lc322/solvers/solver_004.py",
      "sha256": "7998363f09407ac87cb649e10759f92c8a3bc7dfaeb990f79e6108584ef048ee",
      "size_bytes": 1125,
      "role": "stub_solver",
      "notes": "Part of reconstructed_stub pack. SHA256 in seval_manifest matches."
    },
    {
      "path": "experiments/frozen_taxonomy_lc322/solvers/solver_005.py",
      "sha256": "cb4337807919fc77e05342c6c6b3b1465300bf1b0c041ab922ecc80f5e8936f0",
      "size_bytes": 881,
      "role": "stub_solver",
      "notes": "Part of reconstructed_stub pack. SHA256 in seval_manifest matches."
    },
    {
      "path": "experiments/frozen_taxonomy_lc322/solvers/solver_006.py",
      "sha256": "f41d85c47040c4446709832dc558e0f6c8a83d51c6c5e85cdda56d3774a498c7",
      "size_bytes": 650,
      "role": "stub_solver",
      "notes": "Part of reconstructed_stub pack. SHA256 in seval_manifest matches."
    },
    {
      "path": "experiments/frozen_taxonomy_lc322/solvers/solver_007.py",
      "sha256": "e782a04565de66337d3c6d92860680d5f60a039feea56f5f2d6aa48bde14bd39",
      "size_bytes": 615,
      "role": "stub_solver",
      "notes": "Part of reconstructed_stub pack. SHA256 in seval_manifest matches."
    },
    {
      "path": "experiments/frozen_taxonomy_lc322/solvers/solver_008.py",
      "sha256": "a26bf39703674c517e2f8091e35d190473bc745f437e7e742483902cd7a7357e",
      "size_bytes": 649,
      "role": "stub_solver",
      "notes": "Part of reconstructed_stub pack. SHA256 in seval_manifest matches."
    },
    {
      "path": "experiments/frozen_taxonomy_lc322/solvers/solver_009.py",
      "sha256": "671d74561abd71887a0262f83d9cc4ac960b915c2d6949288969673149db8fca",
      "size_bytes": 789,
      "role": "stub_solver",
      "notes": "Part of reconstructed_stub pack. SHA256 in seval_manifest matches."
    },
    {
      "path": "experiments/frozen_taxonomy_lc322/solvers/solver_010.py",
      "sha256": "1d6f5dfb2225d52346233e419a78883e9be5fe31bff47d4f95433b29638fb691",
      "size_bytes": 701,
      "role": "stub_solver",
      "notes": "Part of reconstructed_stub pack. SHA256 in seval_manifest matches."
    },
    {
      "path": "experiments/frozen_taxonomy_lc322/solvers/solver_011.py",
      "sha256": "a5f9fa851f5129d24ae1ae4b35218255f2e7073439a78d7449f46ee9a4bb9f42",
      "size_bytes": 1250,
      "role": "stub_solver",
      "notes": "Part of reconstructed_stub pack. SHA256 in seval_manifest matches."
    },
    {
      "path": "experiments/frozen_taxonomy_lc322/solvers/solver_012.py",
      "sha256": "c38e5097c9bf139a5273fc21a94c62daf9a33ad046fca0c4bf38031463faff0b",
      "size_bytes": 1250,
      "role": "stub_solver",
      "notes": "Part of reconstructed_stub pack. SHA256 in seval_manifest matches."
    },
    {
      "path": "experiments/frozen_taxonomy_lc322/solvers/solver_013.py",
      "sha256": "d64e4c6c159472f4696c589105a8bf621a761c83be631fff284dc225c69af446",
      "size_bytes": 1252,
      "role": "stub_solver",
      "notes": "Part of reconstructed_stub pack. SHA256 in seval_manifest matches."
    },
    {
      "path": "experiments/frozen_taxonomy_lc322/solvers/solver_014.py",
      "sha256": "61387ad20112326464a91eb88e4c44ec4c84b4a55e3fe2f6db068cb6b1708ca8",
      "size_bytes": 1252,
      "role": "stub_solver",
      "notes": "Part of reconstructed_stub pack. SHA256 in seval_manifest matches."
    },
    {
      "path": "experiments/frozen_taxonomy_lc322/solvers/solver_015.py",
      "sha256": "277b32a551f0dbae4707844578084cb12f00b124ad79b0337259a5f4fe7171b0",
      "size_bytes": 1252,
      "role": "stub_solver",
      "notes": "Part of reconstructed_stub pack. SHA256 in seval_manifest matches."
    },
    {
      "path": "experiments/frozen_taxonomy_lc322/solvers/solver_016.py",
      "sha256": "46c4f3a6b8bb094337d0841ec83b483ec74975e868f3e003a4a7e47ce0f33595",
      "size_bytes": 1173,
      "role": "stub_solver",
      "notes": "Part of reconstructed_stub pack. SHA256 in seval_manifest matches."
    },
    {
      "path": "experiments/frozen_taxonomy_lc322/solvers/solver_017.py",
      "sha256": "b53fe01c9811270eae848fa0d3fe8d0839e81a8bb050eb57b5fca30f4017bbfd",
      "size_bytes": 1173,
      "role": "stub_solver",
      "notes": "Part of reconstructed_stub pack. SHA256 in seval_manifest matches."
    },
    {
      "path": "experiments/frozen_taxonomy_lc322/solvers/solver_018.py",
      "sha256": "9faffff79152e75c0903c3fc164875fd4c4ff0cc671ee5a92713d7220dc34e6b",
      "size_bytes": 1173,
      "role": "stub_solver",
      "notes": "Part of reconstructed_stub pack. SHA256 in seval_manifest matches."
    },
    {
      "path": "experiments/frozen_taxonomy_lc322/solvers/solver_019.py",
      "sha256": "93d15956ea65a9ee87cdc20f0d71bce26a6ce3db1f665597b41654d8fcb3e287",
      "size_bytes": 1176,
      "role": "stub_solver",
      "notes": "Part of reconstructed_stub pack. SHA256 in seval_manifest matches."
    },
    {
      "path": "experiments/frozen_taxonomy_lc322/solvers/solver_020.py",
      "sha256": "66384990b6528d88c9b8019ca2a8b8b361d6dfa32eccfcf8763a62a40b8babea",
      "size_bytes": 1176,
      "role": "stub_solver",
      "notes": "Part of reconstructed_stub pack. SHA256 in seval_manifest matches."
    },
    {
      "path": "experiments/frozen_taxonomy_lc322/solvers/solver_021.py",
      "sha256": "ab254e8be4b820819fc32718d783f2f777f06151893bdcf2ba5558c43b95ce7b",
      "size_bytes": 1315,
      "role": "stub_solver",
      "notes": "Part of reconstructed_stub pack. SHA256 in seval_manifest matches."
    },
    {
      "path": "experiments/frozen_taxonomy_lc322/solvers/solver_022.py",
      "sha256": "107d5ec12d24102b2962e34d2b63a9d669ba4d7ff0008e5b86ad41c6f5122ca9",
      "size_bytes": 1148,
      "role": "stub_solver",
      "notes": "Part of reconstructed_stub pack. SHA256 in seval_manifest matches."
    },
    {
      "path": "experiments/frozen_taxonomy_lc322/solvers/solver_023.py",
      "sha256": "df97340e693f23cdd302bc2e5ef3d5d77b8dafe719f985e502035e86f2b84340",
      "size_bytes": 1240,
      "role": "stub_solver",
      "notes": "Part of reconstructed_stub pack. SHA256 in seval_manifest matches."
    },
    {
      "path": "experiments/frozen_taxonomy_lc322/solvers/solver_024.py",
      "sha256": "a311e2e135297d3698009a1f69aa359a7b70256628eea103634703012a703f91",
      "size_bytes": 994,
      "role": "stub_solver",
      "notes": "Part of reconstructed_stub pack. SHA256 in seval_manifest matches."
    },
    {
      "path": "experiments/frozen_taxonomy_lc322/solvers/solver_025.py",
      "sha256": "fdaaa6bbf24f4aa1df80c5a58441a31d3855ab258f677e4681def945bd4ba127",
      "size_bytes": 1318,
      "role": "stub_solver",
      "notes": "Part of reconstructed_stub pack. SHA256 in seval_manifest matches."
    },
    {
      "path": "experiments/frozen_taxonomy_lc322/solvers/solver_026.py",
      "sha256": "4a80128c866f6ab37c690aac66730b0911ffd4124bec4f0eda2090b604fe47e1",
      "size_bytes": 1406,
      "role": "stub_solver",
      "notes": "Part of reconstructed_stub pack. SHA256 in seval_manifest matches."
    },
    {
      "path": "experiments/frozen_taxonomy_lc322/solvers/solver_027.py",
      "sha256": "b2524ebc726897e73ea09d3f6d87a5ad4fe2d690454e06b70fee323a18754724",
      "size_bytes": 1276,
      "role": "stub_solver",
      "notes": "Part of reconstructed_stub pack. SHA256 in seval_manifest matches."
    },
    {
      "path": "experiments/frozen_taxonomy_lc322/solvers/solver_028.py",
      "sha256": "b9e757102919ae4d980f20ccbd555b0189b89aefd1baaf88b9b97a96c71f08df",
      "size_bytes": 1387,
      "role": "stub_solver",
      "notes": "Part of reconstructed_stub pack. SHA256 in seval_manifest matches."
    },
    {
      "path": "experiments/frozen_taxonomy_lc322/solvers/solver_029.py",
      "sha256": "77d387af9d8175a802d72da9f361ba0ed2c629cf07e7ae22759901bd530561d5",
      "size_bytes": 1340,
      "role": "stub_solver",
      "notes": "Part of reconstructed_stub pack. SHA256 in seval_manifest matches."
    },
    {
      "path": "experiments/frozen_taxonomy_lc322/solvers/solver_030.py",
      "sha256": "83171d8248a7d900ae0618cb304fa2b6163e181b0938d46af8e272d9e74688c2",
      "size_bytes": 1349,
      "role": "stub_solver",
      "notes": "Part of reconstructed_stub pack. SHA256 in seval_manifest matches."
    },
    {
      "path": "experiments/frozen_taxonomy_lc45/solvers/solver_001.py",
      "sha256": "43f4266b2fba75f4b5266b9e96e1c48d71be36f2d059c85c2ea0b7f271df771c",
      "size_bytes": 430,
      "role": "lc45_candidate_solver",
      "notes": "Thin solve(nums) -> int adapter importing from lc45_candidates.py."
    },
    {
      "path": "experiments/frozen_taxonomy_lc45/solvers/solver_002.py",
      "sha256": "fb8d5db0852a6c423875fe59cb7c0c494a6fe51a76360c473657ef6f398a0a3c",
      "size_bytes": 386,
      "role": "lc45_candidate_solver",
      "notes": "Thin solve(nums) -> int adapter importing from lc45_candidates.py."
    },
    {
      "path": "experiments/frozen_taxonomy_lc45/solvers/solver_003.py",
      "sha256": "37ef059dec940910dca173d5ebb6966ed4e89c2fd94aee0e83b498ede2ca791b",
      "size_bytes": 395,
      "role": "lc45_candidate_solver",
      "notes": "Thin solve(nums) -> int adapter importing from lc45_candidates.py."
    },
    {
      "path": "experiments/frozen_taxonomy_lc45/solvers/solver_004.py",
      "sha256": "2c1651a8625b564f8488bb0a2bed522b2522b14d0db991f53262608f14c85980",
      "size_bytes": 378,
      "role": "lc45_candidate_solver",
      "notes": "Thin solve(nums) -> int adapter importing from lc45_candidates.py."
    },
    {
      "path": "experiments/frozen_taxonomy_lc45/solvers/solver_005.py",
      "sha256": "d372f376e4174bdc8ed8ad250df7bda7b451734ae7d1d8c8448f48171416e8c3",
      "size_bytes": 391,
      "role": "lc45_candidate_solver",
      "notes": "Thin solve(nums) -> int adapter importing from lc45_candidates.py."
    },
    {
      "path": "experiments/frozen_taxonomy_lc45/solvers/solver_006.py",
      "sha256": "b1f33a909732a0f984bb3b71a4199d7bd2001f44e12b026b999c3603842cb5e2",
      "size_bytes": 450,
      "role": "lc45_candidate_solver",
      "notes": "Thin solve(nums) -> int adapter importing from lc45_candidates.py."
    },
    {
      "path": "experiments/frozen_taxonomy_lc45/solvers/solver_007.py",
      "sha256": "c86ebcee5c5ad60eedc69ae97b1d6465749872ea3bf036d29d86f5da5624f156",
      "size_bytes": 408,
      "role": "lc45_candidate_solver",
      "notes": "Thin solve(nums) -> int adapter importing from lc45_candidates.py."
    },
    {
      "path": "experiments/frozen_taxonomy_lc45/solvers/solver_008.py",
      "sha256": "8dc34c1c37987f2d140722e429189d129cc146896fdc46761516f3f2289cbfa4",
      "size_bytes": 406,
      "role": "lc45_candidate_solver",
      "notes": "Thin solve(nums) -> int adapter importing from lc45_candidates.py."
    },
    {
      "path": "experiments/frozen_taxonomy_lc45/solvers/solver_009.py",
      "sha256": "4ea19cdbde478aecb56bac024f7813b741ea707f69cf0714ec69a8a7457f6d19",
      "size_bytes": 441,
      "role": "lc45_candidate_solver",
      "notes": "Thin solve(nums) -> int adapter importing from lc45_candidates.py."
    },
    {
      "path": "experiments/frozen_taxonomy_lc45/solvers/solver_010.py",
      "sha256": "1963c983fcc3e82621083f39f1625026757c3d98d66abdbd9665d7b4932a78f5",
      "size_bytes": 432,
      "role": "lc45_candidate_solver",
      "notes": "Thin solve(nums) -> int adapter importing from lc45_candidates.py."
    },
    {
      "path": "experiments/frozen_taxonomy_lc322_real_claude_sonnet_4/solvers/solver_001.py",
      "sha256": "98d78e7c3e01292bf0986b624214205ef6cf5c9ad50432ad56c0d923c7e3db44",
      "size_bytes": 662,
      "role": "real_solver",
      "notes": "Part of hand_curated_real pack (Week 5). SHA256 in real_seval_manifest matches."
    },
    {
      "path": "experiments/frozen_taxonomy_lc322_real_claude_sonnet_4/solvers/solver_002.py",
      "sha256": "f50bc477fd9345799a35cd0d99ef95e87eb54fe527d6f6f90c93dbd8daed259a",
      "size_bytes": 919,
      "role": "real_solver",
      "notes": "Part of hand_curated_real pack (Week 5). SHA256 in real_seval_manifest matches."
    },
    {
      "path": "experiments/frozen_taxonomy_lc322_real_claude_sonnet_4/solvers/solver_003.py",
      "sha256": "4c6e4a8f40629b1bfc54fbe3b92141f8aaf041003f30cf23ec71c0249041155a",
      "size_bytes": 846,
      "role": "real_solver",
      "notes": "Part of hand_curated_real pack (Week 5). SHA256 in real_seval_manifest matches."
    },
    {
      "path": "experiments/frozen_taxonomy_lc322_real_claude_sonnet_4/solvers/solver_004.py",
      "sha256": "cb50a01a6f6443803b85198481f0dbdac12be2593b245571fbb2ae29894c8b49",
      "size_bytes": 800,
      "role": "real_solver",
      "notes": "Part of hand_curated_real pack (Week 5). SHA256 in real_seval_manifest matches."
    },
    {
      "path": "experiments/frozen_taxonomy_lc322_real_claude_sonnet_4/solvers/solver_005.py",
      "sha256": "44170c5a43fd146a68db2c3d536b3d71a28ec96910ceff0455c2fe71e869c83f",
      "size_bytes": 678,
      "role": "real_solver",
      "notes": "Part of hand_curated_real pack (Week 5). SHA256 in real_seval_manifest matches."
    },
    {
      "path": "experiments/frozen_taxonomy_lc322_real_claude_sonnet_4/solvers/solver_006.py",
      "sha256": "2e8cafa26369caa8eb19a4e34f7293adbab29484410a53f7365b9c4b199c6440",
      "size_bytes": 866,
      "role": "real_solver",
      "notes": "Part of hand_curated_real pack (Week 5). SHA256 in real_seval_manifest matches."
    },
    {
      "path": "experiments/frozen_taxonomy_lc322_real_claude_sonnet_4/solvers/solver_007.py",
      "sha256": "23bc1745883086cf2fc451ed46970f611747569a88cbb7be03abd2123fc4676b",
      "size_bytes": 663,
      "role": "real_solver",
      "notes": "Part of hand_curated_real pack (Week 5). SHA256 in real_seval_manifest matches."
    },
    {
      "path": "experiments/frozen_taxonomy_lc322_real_claude_sonnet_4/solvers/solver_008.py",
      "sha256": "68dbdf7d94b58dfc63c7ba89cebfc389e9361f72f5c0ae0ed270c85d1b57062b",
      "size_bytes": 899,
      "role": "real_solver",
      "notes": "Part of hand_curated_real pack (Week 5). SHA256 in real_seval_manifest matches."
    },
    {
      "path": "experiments/frozen_taxonomy_lc322_real_claude_sonnet_4/solvers/solver_009.py",
      "sha256": "ae4b5f6b5b7499563f922a7791404d4e85f70257be8ac8c7955b72ed3eedd705",
      "size_bytes": 792,
      "role": "real_solver",
      "notes": "Part of hand_curated_real pack (Week 5). SHA256 in real_seval_manifest matches."
    },
    {
      "path": "experiments/frozen_taxonomy_lc322_real_claude_sonnet_4/solvers/solver_010.py",
      "sha256": "2f19593ffbdad881e1a3ddbfa3609448ef4f8f96866abe06359aa4bff9a266c0",
      "size_bytes": 859,
      "role": "real_solver",
      "notes": "Part of hand_curated_real pack (Week 5). SHA256 in real_seval_manifest matches."
    },
    {
      "path": "experiments/frozen_taxonomy_lc322_real_claude_sonnet_4/solvers/solver_011.py",
      "sha256": "6608c4d7cfcedc791ecd897e1f732ca4aeb4c3c45697f1d1f4ea3e30b8094e52",
      "size_bytes": 1040,
      "role": "real_solver",
      "notes": "Part of hand_curated_real pack (Week 5). SHA256 in real_seval_manifest matches."
    },
    {
      "path": "experiments/frozen_taxonomy_lc322_real_claude_sonnet_4/solvers/solver_012.py",
      "sha256": "19eb7d5769e691e9b9b1353b5e5c8fd9e18425df15226d29bcbb48305c7fb705",
      "size_bytes": 926,
      "role": "real_solver",
      "notes": "Part of hand_curated_real pack (Week 5). SHA256 in real_seval_manifest matches."
    },
    {
      "path": "experiments/frozen_taxonomy_lc322_real_claude_sonnet_4/solvers/solver_013.py",
      "sha256": "be6e7c1ed189fc6226d83b03490e6fa2a141b3c845c5bb148ea30e556f00c585",
      "size_bytes": 964,
      "role": "real_solver",
      "notes": "Part of hand_curated_real pack (Week 5). SHA256 in real_seval_manifest matches."
    },
    {
      "path": "experiments/frozen_taxonomy_lc322_real_claude_sonnet_4/solvers/solver_014.py",
      "sha256": "65d417b0833ccbc30b1d2d42c7016c853d2797678d623a73e287b2d18f775602",
      "size_bytes": 1015,
      "role": "real_solver",
      "notes": "Part of hand_curated_real pack (Week 5). SHA256 in real_seval_manifest matches."
    },
    {
      "path": "experiments/frozen_taxonomy_lc322_real_claude_sonnet_4/solvers/solver_015.py",
      "sha256": "ea037488b5c856995276f5658e918f1f536775f7ed0c73310018e7d8c7528f21",
      "size_bytes": 1021,
      "role": "real_solver",
      "notes": "Part of hand_curated_real pack (Week 5). SHA256 in real_seval_manifest matches."
    },
    {
      "path": "experiments/frozen_taxonomy_lc322_real_claude_sonnet_4/solvers/solver_016.py",
      "sha256": "bada43d255117ce8a79c08cf4b8366084474672444d1735f43525ceafee7d5d9",
      "size_bytes": 894,
      "role": "real_solver",
      "notes": "Part of hand_curated_real pack (Week 5). SHA256 in real_seval_manifest matches."
    },
    {
      "path": "experiments/frozen_taxonomy_lc322_real_claude_sonnet_4/solvers/solver_017.py",
      "sha256": "6fa6c16d8958687db39601c0a4deda6ef9d4223e846ceb36dea7deb1fab61315",
      "size_bytes": 876,
      "role": "real_solver",
      "notes": "Part of hand_curated_real pack (Week 5). SHA256 in real_seval_manifest matches."
    },
    {
      "path": "experiments/frozen_taxonomy_lc322_real_claude_sonnet_4/solvers/solver_018.py",
      "sha256": "aed1d6730e92fce8198beb08f38edcdef9a943df7a3f13364383eb538c65d4e5",
      "size_bytes": 876,
      "role": "real_solver",
      "notes": "Part of hand_curated_real pack (Week 5). SHA256 in real_seval_manifest matches."
    },
    {
      "path": "experiments/frozen_taxonomy_lc322_real_claude_sonnet_4/solvers/solver_019.py",
      "sha256": "2ae67c220f4e22fbce82cc4f252010b2050b49e3fc12c32df83d8c84e64e262d",
      "size_bytes": 859,
      "role": "real_solver",
      "notes": "Part of hand_curated_real pack (Week 5). SHA256 in real_seval_manifest matches."
    },
    {
      "path": "experiments/frozen_taxonomy_lc322_real_claude_sonnet_4/solvers/solver_020.py",
      "sha256": "a4effd227d6cc848d09095338fcc84cfa488cd6950a1a701973647086e9ee8cb",
      "size_bytes": 1107,
      "role": "real_solver",
      "notes": "Part of hand_curated_real pack (Week 5). SHA256 in real_seval_manifest matches."
    },
    {
      "path": "experiments/frozen_taxonomy_lc322_real_claude_sonnet_4/solvers/solver_021.py",
      "sha256": "3c1d180d36fb9601118c659084cbe0336d36cb34644e8d559453209d032290f9",
      "size_bytes": 966,
      "role": "real_solver",
      "notes": "Part of hand_curated_real pack (Week 5). SHA256 in real_seval_manifest matches."
    },
    {
      "path": "experiments/frozen_taxonomy_lc322_real_claude_sonnet_4/solvers/solver_022.py",
      "sha256": "d8c14a3dfe1fca21a37190ed98ee144b4d665bc4affa7cfbfe627e42727c8d66",
      "size_bytes": 1186,
      "role": "real_solver",
      "notes": "Part of hand_curated_real pack (Week 5). SHA256 in real_seval_manifest matches."
    },
    {
      "path": "experiments/frozen_taxonomy_lc322_real_claude_sonnet_4/solvers/solver_023.py",
      "sha256": "7539a8abf9eb47e25aba76513d7f0ba51ff6157aae00968f45992659a4408e80",
      "size_bytes": 1543,
      "role": "real_solver",
      "notes": "Part of hand_curated_real pack (Week 5). SHA256 in real_seval_manifest matches."
    },
    {
      "path": "experiments/frozen_taxonomy_lc322_real_claude_sonnet_4/solvers/solver_024.py",
      "sha256": "8a3242dedcc0ed6682fbb334b175f77894408e02654be0cc6636177e949aaf21",
      "size_bytes": 1289,
      "role": "real_solver",
      "notes": "Part of hand_curated_real pack (Week 5). SHA256 in real_seval_manifest matches."
    },
    {
      "path": "experiments/frozen_taxonomy_lc322_real_claude_sonnet_4/solvers/solver_025.py",
      "sha256": "c14999757353193cc053ac051f3d72a8fe1c2c6d1e2bb3752b3de7bc1cc30bfc",
      "size_bytes": 1122,
      "role": "real_solver",
      "notes": "Part of hand_curated_real pack (Week 5). SHA256 in real_seval_manifest matches."
    },
    {
      "path": "experiments/frozen_taxonomy_lc322_real_claude_sonnet_4/solvers/solver_026.py",
      "sha256": "bd4bac641ff760467da813f9d5bb5759c7bf3725c6a97e97c7c6836e0db1713a",
      "size_bytes": 1122,
      "role": "real_solver",
      "notes": "Part of hand_curated_real pack (Week 5). SHA256 in real_seval_manifest matches."
    },
    {
      "path": "experiments/frozen_taxonomy_lc322_real_claude_sonnet_4/solvers/solver_027.py",
      "sha256": "3822f41377f09c9309be61e3f321d8cedd886e76ef3e195fbd508d06b5c7c98f",
      "size_bytes": 1122,
      "role": "real_solver",
      "notes": "Part of hand_curated_real pack (Week 5). SHA256 in real_seval_manifest matches."
    },
    {
      "path": "experiments/frozen_taxonomy_lc322_real_claude_sonnet_4/solvers/solver_028.py",
      "sha256": "aa8bdd4b3003d8930d4950b09c7f6cca847224f6b7f752003d542894588b8529",
      "size_bytes": 1122,
      "role": "real_solver",
      "notes": "Part of hand_curated_real pack (Week 5). SHA256 in real_seval_manifest matches."
    },
    {
      "path": "experiments/frozen_taxonomy_lc322_real_claude_sonnet_4/solvers/solver_029.py",
      "sha256": "f0e081841184f974ff60ed511a638bc0e9a7c5565795dc231a479816c6987e59",
      "size_bytes": 857,
      "role": "real_solver",
      "notes": "Part of hand_curated_real pack (Week 5). SHA256 in real_seval_manifest matches."
    },
    {
      "path": "experiments/frozen_taxonomy_lc322_real_claude_sonnet_4/solvers/solver_030.py",
      "sha256": "1334f25eb8736fb46efc53bc103b97289409257a0c23611ab8f7ffc1631f9db7",
      "size_bytes": 1201,
      "role": "real_solver",
      "notes": "Part of hand_curated_real pack (Week 5). SHA256 in real_seval_manifest matches."
    }
  ]
}
